
Microsoft Visual Studio Solution File, Format Version 12.00
Project("{FAE04EC0-301F-11D3-BF4B-00C04F79EFBC}") = "Lab14_tekstowe", "Lab14_tekstowe\Lab14_tekstowe.csproj", "{BCA3A7B4-C83E-46A6-8FD0-AF05E1669C9D}"
EndProject
Global
	GlobalSection(SolutionConfigurationPlatforms) = preSolution
		Debug|Any CPU = Debug|Any CPU
		Release|Any CPU = Release|Any CPU
	EndGlobalSection
	GlobalSection(ProjectConfigurationPlatforms) = postSolution
		{BCA3A7B4-C83E-46A6-8FD0-AF05E1669C9D}.Debug|Any CPU.ActiveCfg = Debug|Any CPU
		{BCA3A7B4-C83E-46A6-8FD0-AF05E1669C9D}.Debug|Any CPU.Build.0 = Debug|Any CPU
		{BCA3A7B4-C83E-46A6-8FD0-AF05E1669C9D}.Release|Any CPU.ActiveCfg = Release|Any CPU
		{BCA3A7B4-C83E-46A6-8FD0-AF05E1669C9D}.Release|Any CPU.Build.0 = Release|Any CPU
	EndGlobalSection
EndGlobal
