
Microsoft Visual Studio Solution File, Format Version 12.00
Project("{FAE04EC0-301F-11D3-BF4B-00C04F79EFBC}") = "Lab08_punktowane", "Lab08_punktowane.csproj", "{E04BB9A5-E7C0-487F-A903-DACD96731743}"
EndProject
Global
	GlobalSection(SolutionConfigurationPlatforms) = preSolution
		Debug|Any CPU = Debug|Any CPU
		Release|Any CPU = Release|Any CPU
	EndGlobalSection
	GlobalSection(ProjectConfigurationPlatforms) = postSolution
		{E04BB9A5-E7C0-487F-A903-DACD96731743}.Debug|Any CPU.ActiveCfg = Debug|Any CPU
		{E04BB9A5-E7C0-487F-A903-DACD96731743}.Debug|Any CPU.Build.0 = Debug|Any CPU
		{E04BB9A5-E7C0-487F-A903-DACD96731743}.Release|Any CPU.ActiveCfg = Release|Any CPU
		{E04BB9A5-E7C0-487F-A903-DACD96731743}.Release|Any CPU.Build.0 = Release|Any CPU
	EndGlobalSection
EndGlobal
