
Microsoft Visual Studio Solution File, Format Version 12.00
Project("{FAE04EC0-301F-11D3-BF4B-00C04F79EFBC}") = "Lab04_punktowane", "Lab04_punktowane\Lab04_punktowane.csproj", "{235F0843-B861-440B-BDE7-5528723B1886}"
EndProject
Global
	GlobalSection(SolutionConfigurationPlatforms) = preSolution
		Debug|Any CPU = Debug|Any CPU
		Release|Any CPU = Release|Any CPU
	EndGlobalSection
	GlobalSection(ProjectConfigurationPlatforms) = postSolution
		{235F0843-B861-440B-BDE7-5528723B1886}.Debug|Any CPU.ActiveCfg = Debug|Any CPU
		{235F0843-B861-440B-BDE7-5528723B1886}.Debug|Any CPU.Build.0 = Debug|Any CPU
		{235F0843-B861-440B-BDE7-5528723B1886}.Release|Any CPU.ActiveCfg = Release|Any CPU
		{235F0843-B861-440B-BDE7-5528723B1886}.Release|Any CPU.Build.0 = Release|Any CPU
	EndGlobalSection
EndGlobal
